
Microsoft Visual Studio Solution File, Format Version 12.00
# Visual Studio Version 16
VisualStudioVersion = 16.0.31410.357
MinimumVisualStudioVersion = 10.0.40219.1
Project("{FAE04EC0-301F-11D3-BF4B-00C04F79EFBC}") = "WindowsFormsApplication1", "WindowsFormsApplication1.csproj", "{8334320A-51D3-49C4-A88C-DEA5CEB9D6F9}"
EndProject
Project("{FAE04EC0-301F-11D3-BF4B-00C04F79EFBC}") = "CrossCuttingValidadores", "..\CrossCuttingValidadores\CrossCuttingValidadores.csproj", "{9EDB8782-D803-4741-A0EC-D64C641C1505}"
EndProject
Global
	GlobalSection(SolutionConfigurationPlatforms) = preSolution
		Debug|Any CPU = Debug|Any CPU
		Release|Any CPU = Release|Any CPU
	EndGlobalSection
	GlobalSection(ProjectConfigurationPlatforms) = postSolution
		{8334320A-51D3-49C4-A88C-DEA5CEB9D6F9}.Debug|Any CPU.ActiveCfg = Debug|Any CPU
		{8334320A-51D3-49C4-A88C-DEA5CEB9D6F9}.Debug|Any CPU.Build.0 = Debug|Any CPU
		{8334320A-51D3-49C4-A88C-DEA5CEB9D6F9}.Release|Any CPU.ActiveCfg = Release|Any CPU
		{8334320A-51D3-49C4-A88C-DEA5CEB9D6F9}.Release|Any CPU.Build.0 = Release|Any CPU
		{9EDB8782-D803-4741-A0EC-D64C641C1505}.Debug|Any CPU.ActiveCfg = Debug|Any CPU
		{9EDB8782-D803-4741-A0EC-D64C641C1505}.Debug|Any CPU.Build.0 = Debug|Any CPU
		{9EDB8782-D803-4741-A0EC-D64C641C1505}.Release|Any CPU.ActiveCfg = Release|Any CPU
		{9EDB8782-D803-4741-A0EC-D64C641C1505}.Release|Any CPU.Build.0 = Release|Any CPU
	EndGlobalSection
	GlobalSection(SolutionProperties) = preSolution
		HideSolutionNode = FALSE
	EndGlobalSection
	GlobalSection(ExtensibilityGlobals) = postSolution
		SolutionGuid = {208882B5-C1F3-4EB4-A584-D33D06F9A202}
	EndGlobalSection
EndGlobal
